
Microsoft Visual Studio Solution File, Format Version 12.00
# Visual Studio Version 17
VisualStudioVersion = 17.7.34202.233
MinimumVisualStudioVersion = 10.0.40219.1
Project("{FAE04EC0-301F-11D3-BF4B-00C04F79EFBC}") = "WinFormMiniProject", "WinFormMiniProject\WinFormMiniProject.csproj", "{260AF050-E1FD-42BB-AA1E-ECB189DD431B}"
EndProject
Project("{FAE04EC0-301F-11D3-BF4B-00C04F79EFBC}") = "DemoLibrary", "DemoLibrary\DemoLibrary.csproj", "{52FABEF8-F8DC-496B-B9B6-7ADB6DDD6015}"
EndProject
Global
	GlobalSection(SolutionConfigurationPlatforms) = preSolution
		Debug|Any CPU = Debug|Any CPU
		Release|Any CPU = Release|Any CPU
	EndGlobalSection
	GlobalSection(ProjectConfigurationPlatforms) = postSolution
		{260AF050-E1FD-42BB-AA1E-ECB189DD431B}.Debug|Any CPU.ActiveCfg = Debug|Any CPU
		{260AF050-E1FD-42BB-AA1E-ECB189DD431B}.Debug|Any CPU.Build.0 = Debug|Any CPU
		{260AF050-E1FD-42BB-AA1E-ECB189DD431B}.Release|Any CPU.ActiveCfg = Release|Any CPU
		{260AF050-E1FD-42BB-AA1E-ECB189DD431B}.Release|Any CPU.Build.0 = Release|Any CPU
		{52FABEF8-F8DC-496B-B9B6-7ADB6DDD6015}.Debug|Any CPU.ActiveCfg = Debug|Any CPU
		{52FABEF8-F8DC-496B-B9B6-7ADB6DDD6015}.Debug|Any CPU.Build.0 = Debug|Any CPU
		{52FABEF8-F8DC-496B-B9B6-7ADB6DDD6015}.Release|Any CPU.ActiveCfg = Release|Any CPU
		{52FABEF8-F8DC-496B-B9B6-7ADB6DDD6015}.Release|Any CPU.Build.0 = Release|Any CPU
	EndGlobalSection
	GlobalSection(SolutionProperties) = preSolution
		HideSolutionNode = FALSE
	EndGlobalSection
	GlobalSection(ExtensibilityGlobals) = postSolution
		SolutionGuid = {642D4955-37A2-4D29-9F90-443C38E9CCBE}
	EndGlobalSection
EndGlobal
